
Microsoft Visual Studio Solution File, Format Version 12.00
# Visual Studio Version 16
VisualStudioVersion = 16.0.30907.101
MinimumVisualStudioVersion = 10.0.40219.1
Project("{FAE04EC0-301F-11D3-BF4B-00C04F79EFBC}") = "ConsoleSnake", "ConsoleSnake\ConsoleSnake.csproj", "{F98D15F6-6193-4AAE-9A89-0A158061E162}"
EndProject
Global
	GlobalSection(SolutionConfigurationPlatforms) = preSolution
		Debug|Any CPU = Debug|Any CPU
		Release|Any CPU = Release|Any CPU
	EndGlobalSection
	GlobalSection(ProjectConfigurationPlatforms) = postSolution
		{F98D15F6-6193-4AAE-9A89-0A158061E162}.Debug|Any CPU.ActiveCfg = Debug|Any CPU
		{F98D15F6-6193-4AAE-9A89-0A158061E162}.Debug|Any CPU.Build.0 = Debug|Any CPU
		{F98D15F6-6193-4AAE-9A89-0A158061E162}.Release|Any CPU.ActiveCfg = Release|Any CPU
		{F98D15F6-6193-4AAE-9A89-0A158061E162}.Release|Any CPU.Build.0 = Release|Any CPU
	EndGlobalSection
	GlobalSection(SolutionProperties) = preSolution
		HideSolutionNode = FALSE
	EndGlobalSection
	GlobalSection(ExtensibilityGlobals) = postSolution
		SolutionGuid = {6E0268F3-294A-4688-B6C0-EF2E55EFA013}
	EndGlobalSection
EndGlobal
